# THIS IS AN AUTOGENERATED FILE. DO NOT EDIT THIS FILE DIRECTLY.
# yarn lockfile v1


bun-types@latest:
  version "1.0.14"
  resolved "https://registry.yarnpkg.com/bun-types/-/bun-types-1.0.14.tgz#b3e0dca2e18aeaa3585a3551af7b467be52c4566"
  integrity sha512-hLVfM2fk8xSJeobfuPGilfvxM5gLtEy1bn7RJhrtw3u4OaC0kieXKYFFTVHU8jZ3hj8YyPLIFClIUodkFSrMBQ==

typescript@^5.2.2:
  version "5.3.2"
  resolved "https://registry.yarnpkg.com/typescript/-/typescript-5.3.2.tgz#00d1c7c1c46928c5845c1ee8d0cc2791031d4c43"
  integrity sha512-6l+RyNy7oAHDfxC4FzSJcz9vnjTKxrLpDG5M2Vu4SHRVNg6xzqZp6LYSR9zjqQTu8DU/f5xwxUdADOkbrIX2gQ==
